
Microsoft Visual Studio Solution File, Format Version 12.00
# Visual Studio Version 17
VisualStudioVersion = 17.0.31903.59
MinimumVisualStudioVersion = 10.0.40219.1
Project("{9092AA53-FB77-4645-B42D-1CCCA6BD08BD}") = "cristianos", "cristianos.njsproj", "{A1C3E5F7-2B4D-4F6A-8C9E-0D1F2A3B4C5D}"
EndProject
Global
	GlobalSection(SolutionConfigurationPlatforms) = preSolution
		Debug|Any CPU = Debug|Any CPU
		Release|Any CPU = Release|Any CPU
	EndGlobalSection
	GlobalSection(ProjectConfigurationPlatforms) = postSolution
		{A1C3E5F7-2B4D-4F6A-8C9E-0D1F2A3B4C5D}.Debug|Any CPU.ActiveCfg = Debug|Any CPU
		{A1C3E5F7-2B4D-4F6A-8C9E-0D1F2A3B4C5D}.Debug|Any CPU.Build.0 = Debug|Any CPU
		{A1C3E5F7-2B4D-4F6A-8C9E-0D1F2A3B4C5D}.Release|Any CPU.ActiveCfg = Release|Any CPU
		{A1C3E5F7-2B4D-4F6A-8C9E-0D1F2A3B4C5D}.Release|Any CPU.Build.0 = Release|Any CPU
	EndGlobalSection
EndGlobal
